
Microsoft Visual Studio Solution File, Format Version 12.00
# Visual Studio Version 16
VisualStudioVersion = 16.0.28803.202
MinimumVisualStudioVersion = 10.0.40219.1
Project("{FAE04EC0-301F-11D3-BF4B-00C04F79EFBC}") = "Shop.Web", "Shop.Web\Shop.Web.csproj", "{50AE6672-8D8E-48F0-8DEB-C1EF6166D58D}"
EndProject
Project("{9A19103F-16F7-4668-BE54-9A1E7A4F7556}") = "Shop.Data", "Shop.Data\Shop.Data.csproj", "{486B875F-5C27-46BA-930A-D1F78210A8BC}"
EndProject
Project("{9A19103F-16F7-4668-BE54-9A1E7A4F7556}") = "Shop.Service", "Shop.Service\Shop.Service.csproj", "{9E3452D7-6D36-41CE-AF81-4D2296F098CF}"
EndProject
Global
	GlobalSection(SolutionConfigurationPlatforms) = preSolution
		Debug|Any CPU = Debug|Any CPU
		Release|Any CPU = Release|Any CPU
	EndGlobalSection
	GlobalSection(ProjectConfigurationPlatforms) = postSolution
		{50AE6672-8D8E-48F0-8DEB-C1EF6166D58D}.Debug|Any CPU.ActiveCfg = Debug|Any CPU
		{50AE6672-8D8E-48F0-8DEB-C1EF6166D58D}.Debug|Any CPU.Build.0 = Debug|Any CPU
		{50AE6672-8D8E-48F0-8DEB-C1EF6166D58D}.Release|Any CPU.ActiveCfg = Release|Any CPU
		{50AE6672-8D8E-48F0-8DEB-C1EF6166D58D}.Release|Any CPU.Build.0 = Release|Any CPU
		{486B875F-5C27-46BA-930A-D1F78210A8BC}.Debug|Any CPU.ActiveCfg = Debug|Any CPU
		{486B875F-5C27-46BA-930A-D1F78210A8BC}.Debug|Any CPU.Build.0 = Debug|Any CPU
		{486B875F-5C27-46BA-930A-D1F78210A8BC}.Release|Any CPU.ActiveCfg = Release|Any CPU
		{486B875F-5C27-46BA-930A-D1F78210A8BC}.Release|Any CPU.Build.0 = Release|Any CPU
		{9E3452D7-6D36-41CE-AF81-4D2296F098CF}.Debug|Any CPU.ActiveCfg = Debug|Any CPU
		{9E3452D7-6D36-41CE-AF81-4D2296F098CF}.Debug|Any CPU.Build.0 = Debug|Any CPU
		{9E3452D7-6D36-41CE-AF81-4D2296F098CF}.Release|Any CPU.ActiveCfg = Release|Any CPU
		{9E3452D7-6D36-41CE-AF81-4D2296F098CF}.Release|Any CPU.Build.0 = Release|Any CPU
	EndGlobalSection
	GlobalSection(SolutionProperties) = preSolution
		HideSolutionNode = FALSE
	EndGlobalSection
	GlobalSection(ExtensibilityGlobals) = postSolution
		SolutionGuid = {61B37533-7617-4B7A-A177-F295288D1FD4}
	EndGlobalSection
EndGlobal
